
Microsoft Visual Studio Solution File, Format Version 12.00
# Visual Studio Version 17
VisualStudioVersion = 17.11.35431.28
MinimumVisualStudioVersion = 10.0.40219.1
Project("{FAE04EC0-301F-11D3-BF4B-00C04F79EFBC}") = "BådLibrary", "BådLibrary\BådLibrary.csproj", "{BA0AFBB1-A78F-4C2F-B237-C97BDAF5AD74}"
EndProject
Project("{FAE04EC0-301F-11D3-BF4B-00C04F79EFBC}") = "BådConsole", "BådConsole\BådConsole.csproj", "{376BD820-AAA6-4598-9D30-77B0ED4DA50C}"
EndProject
Project("{FAE04EC0-301F-11D3-BF4B-00C04F79EFBC}") = "BådRazorPage", "BådRazorPage\BådRazorPage.csproj", "{AD4F1206-10B3-491D-8D65-B472A5318DE7}"
EndProject
Global
	GlobalSection(SolutionConfigurationPlatforms) = preSolution
		Debug|Any CPU = Debug|Any CPU
		Release|Any CPU = Release|Any CPU
	EndGlobalSection
	GlobalSection(ProjectConfigurationPlatforms) = postSolution
		{BA0AFBB1-A78F-4C2F-B237-C97BDAF5AD74}.Debug|Any CPU.ActiveCfg = Debug|Any CPU
		{BA0AFBB1-A78F-4C2F-B237-C97BDAF5AD74}.Debug|Any CPU.Build.0 = Debug|Any CPU
		{BA0AFBB1-A78F-4C2F-B237-C97BDAF5AD74}.Release|Any CPU.ActiveCfg = Release|Any CPU
		{BA0AFBB1-A78F-4C2F-B237-C97BDAF5AD74}.Release|Any CPU.Build.0 = Release|Any CPU
		{376BD820-AAA6-4598-9D30-77B0ED4DA50C}.Debug|Any CPU.ActiveCfg = Debug|Any CPU
		{376BD820-AAA6-4598-9D30-77B0ED4DA50C}.Debug|Any CPU.Build.0 = Debug|Any CPU
		{376BD820-AAA6-4598-9D30-77B0ED4DA50C}.Release|Any CPU.ActiveCfg = Release|Any CPU
		{376BD820-AAA6-4598-9D30-77B0ED4DA50C}.Release|Any CPU.Build.0 = Release|Any CPU
		{AD4F1206-10B3-491D-8D65-B472A5318DE7}.Debug|Any CPU.ActiveCfg = Debug|Any CPU
		{AD4F1206-10B3-491D-8D65-B472A5318DE7}.Debug|Any CPU.Build.0 = Debug|Any CPU
		{AD4F1206-10B3-491D-8D65-B472A5318DE7}.Release|Any CPU.ActiveCfg = Release|Any CPU
		{AD4F1206-10B3-491D-8D65-B472A5318DE7}.Release|Any CPU.Build.0 = Release|Any CPU
	EndGlobalSection
	GlobalSection(SolutionProperties) = preSolution
		HideSolutionNode = FALSE
	EndGlobalSection
	GlobalSection(ExtensibilityGlobals) = postSolution
		SolutionGuid = {DBD4BEC1-0FE0-48DD-9184-59AD46BC4A75}
	EndGlobalSection
EndGlobal
